
Microsoft Visual Studio Solution File, Format Version 12.00
# Visual Studio Version 16
VisualStudioVersion = 16.0.31005.135
MinimumVisualStudioVersion = 10.0.40219.1
Project("{FAE04EC0-301F-11D3-BF4B-00C04F79EFBC}") = "ProcessGuard", "ProcessGuard\ProcessGuard.csproj", "{FFBA2E0C-5E8F-46A6-9549-83E03EF1B77D}"
EndProject
Global
	GlobalSection(SolutionConfigurationPlatforms) = preSolution
		Debug|Any CPU = Debug|Any CPU
		Release|Any CPU = Release|Any CPU
	EndGlobalSection
	GlobalSection(ProjectConfigurationPlatforms) = postSolution
		{FFBA2E0C-5E8F-46A6-9549-83E03EF1B77D}.Debug|Any CPU.ActiveCfg = Debug|Any CPU
		{FFBA2E0C-5E8F-46A6-9549-83E03EF1B77D}.Debug|Any CPU.Build.0 = Debug|Any CPU
		{FFBA2E0C-5E8F-46A6-9549-83E03EF1B77D}.Release|Any CPU.ActiveCfg = Release|Any CPU
		{FFBA2E0C-5E8F-46A6-9549-83E03EF1B77D}.Release|Any CPU.Build.0 = Release|Any CPU
	EndGlobalSection
	GlobalSection(SolutionProperties) = preSolution
		HideSolutionNode = FALSE
	EndGlobalSection
	GlobalSection(ExtensibilityGlobals) = postSolution
		SolutionGuid = {D0990B59-C358-4648-A72F-AAF0A36E8F36}
	EndGlobalSection
EndGlobal
